// !$*UTF8*$!
{
	archiveVersion = 1;
	classes = {
	};
	objectVersion = 46;
	objects = {

/* Begin PBXBuildFile section */
		220421271F680E8E00CEAA55 /* AppDelegate.swift in Sources */ = {isa = PBXBuildFile; fileRef = 220421261F680E8E00CEAA55 /* AppDelegate.swift */; };
		220421291F680E8E00CEAA55 /* ViewController.swift in Sources */ = {isa = PBXBuildFile; fileRef = 220421281F680E8E00CEAA55 /* ViewController.swift */; };
		2204212C1F680E8E00CEAA55 /* Main.storyboard in Resources */ = {isa = PBXBuildFile; fileRef = 2204212A1F680E8E00CEAA55 /* Main.storyboard */; };
		2204212F1F680E8E00CEAA55 /* CoreDataSample.xcdatamodeld in Sources */ = {isa = PBXBuildFile; fileRef = 2204212D1F680E8E00CEAA55 /* CoreDataSample.xcdatamodeld */; };
		220421311F680E8E00CEAA55 /* Assets.xcassets in Resources */ = {isa = PBXBuildFile; fileRef = 220421301F680E8E00CEAA55 /* Assets.xcassets */; };
		220421341F680E8E00CEAA55 /* LaunchScreen.storyboard in Resources */ = {isa = PBXBuildFile; fileRef = 220421321F680E8E00CEAA55 /* LaunchScreen.storyboard */; };
/* End PBXBuildFile section */

/* Begin PBXFileReference section */
		220421231F680E8E00CEAA55 /* CoreDataSample.app */ = {isa = PBXFileReference; explicitFileType = wrapper.application; includeInIndex = 0; path = CoreDataSample.app; sourceTree = BUILT_PRODUCTS_DIR; };
		220421261F680E8E00CEAA55 /* AppDelegate.swift */ = {isa = PBXFileReference; lastKnownFileType = sourcecode.swift; path = AppDelegate.swift; sourceTree = "<group>"; };
		220421281F680E8E00CEAA55 /* ViewController.swift */ = {isa = PBXFileReference; lastKnownFileType = sourcecode.swift; path = ViewController.swift; sourceTree = "<group>"; };
		2204212B1F680E8E00CEAA55 /* Base */ = {isa = PBXFileReference; lastKnownFileType = file.storyboard; name = Base; path = Base.lproj/Main.storyboard; sourceTree = "<group>"; };
		2204212E1F680E8E00CEAA55 /* CoreDataSample.xcdatamodel */ = {isa = PBXFileReference; lastKnownFileType = wrapper.xcdatamodel; path = CoreDataSample.xcdatamodel; sourceTree = "<group>"; };
		220421301F680E8E00CEAA55 /* Assets.xcassets */ = {isa = PBXFileReference; lastKnownFileType = folder.assetcatalog; path = Assets.xcassets; sourceTree = "<group>"; };
		220421331F680E8E00CEAA55 /* Base */ = {isa = PBXFileReference; lastKnownFileType = file.storyboard; name = Base; path = Base.lproj/LaunchScreen.storyboard; sourceTree = "<group>"; };
		220421351F680E8E00CEAA55 /* Info.plist */ = {isa = PBXFileReference; lastKnownFileType = text.plist.xml; path = Info.plist; sourceTree = "<group>"; };
/* End PBXFileReference section */

/* Begin PBXFrameworksBuildPhase section */
		220421201F680E8E00CEAA55 /* Frameworks */ = {
			isa = PBXFrameworksBuildPhase;
			buildActionMask = 2147483647;
			files = (
			);
			runOnlyForDeploymentPostprocessing = 0;
		};
/* End PBXFrameworksBuildPhase section */

/* Begin PBXGroup section */
		2204211A1F680E8E00CEAA55 = {
			isa = PBXGroup;
			children = (
				220421251F680E8E00CEAA55 /* CoreDataSample */,
				220421241F680E8E00CEAA55 /* Products */,
			);
			sourceTree = "<group>";
		};
		220421241F680E8E00CEAA55 /* Products */ = {
			isa = PBXGroup;
			children = (
				220421231F680E8E00CEAA55 /* CoreDataSample.app */,
			);
			name = Products;
			sourceTree = "<group>";
		};
		220421251F680E8E00CEAA55 /* CoreDataSample */ = {
			isa = PBXGroup;
			children = (
				220421261F680E8E00CEAA55 /* AppDelegate.swift */,
				220421281F680E8E00CEAA55 /* ViewController.swift */,
				2204212A1F680E8E00CEAA55 /* Main.storyboard */,
				220421301F680E8E00CEAA55 /* Assets.xcassets */,
				220421321F680E8E00CEAA55 /* LaunchScreen.storyboard */,
				220421351F680E8E00CEAA55 /* Info.plist */,
				2204212D1F680E8E00CEAA55 /* CoreDataSample.xcdatamodeld */,
			);
			path = CoreDataSample;
			sourceTree = "<group>";
		};
/* End PBXGroup section */

/* Begin PBXNativeTarget section */
		220421221F680E8E00CEAA55 /* CoreDataSample */ = {
			isa = PBXNativeTarget;
			buildConfigurationList = 220421381F680E8E00CEAA55 /* Build configuration list for PBXNativeTarget "CoreDataSample" */;
			buildPhases = (
				2204211F1F680E8E00CEAA55 /* Sources */,
				220421201F680E8E00CEAA55 /* Frameworks */,
				220421211F680E8E00CEAA55 /* Resources */,
			);
			buildRules = (
			);
			dependencies = (
			);
			name = CoreDataSample;
			productName = CoreDataSample;
			productReference = 220421231F680E8E00CEAA55 /* CoreDataSample.app */;
			productType = "com.apple.product-type.application";
		};
/* End PBXNativeTarget section */

/* Begin PBXProject section */
		2204211B1F680E8E00CEAA55 /* Project object */ = {
			isa = PBXProject;
			attributes = {
				LastSwiftUpdateCheck = 0830;
				LastUpgradeCheck = 0830;
				ORGANIZATIONNAME = gideon;
				TargetAttributes = {
					220421221F680E8E00CEAA55 = {
						CreatedOnToolsVersion = 8.3.2;
						DevelopmentTeam = K53FCL976W;
						ProvisioningStyle = Automatic;
					};
				};
			};
			buildConfigurationList = 2204211E1F680E8E00CEAA55 /* Build configuration list for PBXProject "CoreDataSample" */;
			compatibilityVersion = "Xcode 3.2";
			developmentRegion = English;
			hasScannedForEncodings = 0;
			knownRegions = (
				en,
				Base,
			);
			mainGroup = 2204211A1F680E8E00CEAA55;
			productRefGroup = 220421241F680E8E00CEAA55 /* Products */;
			projectDirPath = "";
			projectRoot = "";
			targets = (
				220421221F680E8E00CEAA55 /* CoreDataSample */,
			);
		};
/* End PBXProject section */

/* Begin PBXResourcesBuildPhase section */
		220421211F680E8E00CEAA55 /* Resources */ = {
			isa = PBXResourcesBuildPhase;
			buildActionMask = 2147483647;
			files = (
				220421341F680E8E00CEAA55 /* LaunchScreen.storyboard in Resources */,
				220421311F680E8E00CEAA55 /* Assets.xcassets in Resources */,
				2204212C1F680E8E00CEAA55 /* Main.storyboard in Resources */,
			);
			runOnlyForDeploymentPostprocessing = 0;
		};
/* End PBXResourcesBuildPhase section */

/* Begin PBXSourcesBuildPhase section */
		2204211F1F680E8E00CEAA55 /* Sources */ = {
			isa = PBXSourcesBuildPhase;
			buildActionMask = 2147483647;
			files = (
				220421291F680E8E00CEAA55 /* ViewController.swift in Sources */,
				2204212F1F680E8E00CEAA55 /* CoreDataSample.xcdatamodeld in Sources */,
				220421271F680E8E00CEAA55 /* AppDelegate.swift in Sources */,
			);
			runOnlyForDeploymentPostprocessing = 0;
		};
/* End PBXSourcesBuildPhase section */

/* Begin PBXVariantGroup section */
		2204212A1F680E8E00CEAA55 /* Main.storyboard */ = {
			isa = PBXVariantGroup;
			children = (
				2204212B1F680E8E00CEAA55 /* Base */,
			);
			name = Main.storyboard;
			sourceTree = "<group>";
		};
		220421321F680E8E00CEAA55 /* LaunchScreen.storyboard */ = {
			isa = PBXVariantGroup;
			children = (
				220421331F680E8E00CEAA55 /* Base */,
			);
			name = LaunchScreen.storyboard;
			sourceTree = "<group>";
		};
/* End PBXVariantGroup section */

/* Begin XCBuildConfiguration section */
		220421361F680E8E00CEAA55 /* Debug */ = {
			isa = XCBuildConfiguration;
			buildSettings = {
				ALWAYS_SEARCH_USER_PATHS = NO;
				CLANG_ANALYZER_NONNULL = YES;
				CLANG_ANALYZER_NUMBER_OBJECT_CONVERSION = YES_AGGRESSIVE;
				CLANG_CXX_LANGUAGE_STANDARD = "gnu++0x";
				CLANG_CXX_LIBRARY = "libc++";
				CLANG_ENABLE_MODULES = YES;
				CLANG_ENABLE_OBJC_ARC = YES;
				CLANG_WARN_BOOL_CONVERSION = YES;
				CLANG_WARN_CONSTANT_CONVERSION = YES;
				CLANG_WARN_DIRECT_OBJC_ISA_USAGE = YES_ERROR;
				CLANG_WARN_DOCUMENTATION_COMMENTS = YES;
				CLANG_WARN_EMPTY_BODY = YES;
				CLANG_WARN_ENUM_CONVERSION = YES;
				CLANG_WARN_INFINITE_RECURSION = YES;
				CLANG_WARN_INT_CONVERSION = YES;
				CLANG_WARN_OBJC_ROOT_CLASS = YES_ERROR;
				CLANG_WARN_SUSPICIOUS_MOVE = YES;
				CLANG_WARN_UNREACHABLE_CODE = YES;
				CLANG_WARN__DUPLICATE_METHOD_MATCH = YES;
				"CODE_SIGN_IDENTITY[sdk=iphoneos*]" = "iPhone Developer";
				COPY_PHASE_STRIP = NO;
				DEBUG_INFORMATION_FORMAT = dwarf;
				ENABLE_STRICT_OBJC_MSGSEND = YES;
				ENABLE_TESTABILITY = YES;
				GCC_C_LANGUAGE_STANDARD = gnu99;
				GCC_DYNAMIC_NO_PIC = NO;
				GCC_NO_COMMON_BLOCKS = YES;
				GCC_OPTIMIZATION_LEVEL = 0;
				GCC_PREPROCESSOR_DEFINITIONS = (
					"DEBUG=1",
					"$(inherited)",
				);
				GCC_WARN_64_TO_32_BIT_CONVERSION = YES;
				GCC_WARN_ABOUT_RETURN_TYPE = YES_ERROR;
				GCC_WARN_UNDECLARED_SELECTOR = YES;
				GCC_WARN_UNINITIALIZED_AUTOS = YES_AGGRESSIVE;
				GCC_WARN_UNUSED_FUNCTION = YES;
				GCC_WARN_UNUSED_VARIABLE = YES;
				IPHONEOS_DEPLOYMENT_TARGET = 10.3;
				MTL_ENABLE_DEBUG_INFO = YES;
				ONLY_ACTIVE_ARCH = YES;
				SDKROOT = iphoneos;
				SWIFT_ACTIVE_COMPILATION_CONDITIONS = DEBUG;
				SWIFT_OPTIMIZATION_LEVEL = "-Onone";
				TARGETED_DEVICE_FAMILY = "1,2";
			};
			name = Debug;
		};
		220421371F680E8E00CEAA55 /* Release */ = {
			isa = XCBuildConfiguration;
			buildSettings = {
				ALWAYS_SEARCH_USER_PATHS = NO;
				CLANG_ANALYZER_NONNULL = YES;
				CLANG_ANALYZER_NUMBER_OBJECT_CONVERSION = YES_AGGRESSIVE;
				CLANG_CXX_LANGUAGE_STANDARD = "gnu++0x";
				CLANG_CXX_LIBRARY = "libc++";
				CLANG_ENABLE_MODULES = YES;
				CLANG_ENABLE_OBJC_ARC = YES;
				CLANG_WARN_BOOL_CONVERSION = YES;
				CLANG_WARN_CONSTANT_CONVERSION = YES;
				CLANG_WARN_DIRECT_OBJC_ISA_USAGE = YES_ERROR;
				CLANG_WARN_DOCUMENTATION_COMMENTS = YES;
				CLANG_WARN_EMPTY_BODY = YES;
				CLANG_WARN_ENUM_CONVERSION = YES;
				CLANG_WARN_INFINITE_RECURSION = YES;
				CLANG_WARN_INT_CONVERSION = YES;
				CLANG_WARN_OBJC_ROOT_CLASS = YES_ERROR;
				CLANG_WARN_SUSPICIOUS_MOVE = YES;
				CLANG_WARN_UNREACHABLE_CODE = YES;
				CLANG_WARN__DUPLICATE_METHOD_MATCH = YES;
				"CODE_SIGN_IDENTITY[sdk=iphoneos*]" = "iPhone Developer";
				COPY_PHASE_STRIP = NO;
				DEBUG_INFORMATION_FORMAT = "dwarf-with-dsym";
				ENABLE_NS_ASSERTIONS = NO;
				ENABLE_STRICT_OBJC_MSGSEND = YES;
				GCC_C_LANGUAGE_STANDARD = gnu99;
				GCC_NO_COMMON_BLOCKS = YES;
				GCC_WARN_64_TO_32_BIT_CONVERSION = YES;
				GCC_WARN_ABOUT_RETURN_TYPE = YES_ERROR;
				GCC_WARN_UNDECLARED_SELECTOR = YES;
				GCC_WARN_UNINITIALIZED_AUTOS = YES_AGGRESSIVE;
				GCC_WARN_UNUSED_FUNCTION = YES;
				GCC_WARN_UNUSED_VARIABLE = YES;
				IPHONEOS_DEPLOYMENT_TARGET = 10.3;
				MTL_ENABLE_DEBUG_INFO = NO;
				SDKROOT = iphoneos;
				SWIFT_OPTIMIZATION_LEVEL = "-Owholemodule";
				TARGETED_DEVICE_FAMILY = "1,2";
				VALIDATE_PRODUCT = YES;
			};
			name = Release;
		};
		220421391F680E8E00CEAA55 /* Debug */ = {
			isa = XCBuildConfiguration;
			buildSettings = {
				ASSETCATALOG_COMPILER_APPICON_NAME = AppIcon;
				DEVELOPMENT_TEAM = K53FCL976W;
				INFOPLIST_FILE = CoreDataSample/Info.plist;
				LD_RUNPATH_SEARCH_PATHS = "$(inherited) @executable_path/Frameworks";
				PRODUCT_BUNDLE_IDENTIFIER = com.gideon.CoreDataSample;
				PRODUCT_NAME = "$(TARGET_NAME)";
				SWIFT_VERSION = 3.0;
			};
			name = Debug;
		};
		2204213A1F680E8E00CEAA55 /* Release */ = {
			isa = XCBuildConfiguration;
			buildSettings = {
				ASSETCATALOG_COMPILER_APPICON_NAME = AppIcon;
				DEVELOPMENT_TEAM = K53FCL976W;
				INFOPLIST_FILE = CoreDataSample/Info.plist;
				LD_RUNPATH_SEARCH_PATHS = "$(inherited) @executable_path/Frameworks";
				PRODUCT_BUNDLE_IDENTIFIER = com.gideon.CoreDataSample;
				PRODUCT_NAME = "$(TARGET_NAME)";
				SWIFT_VERSION = 3.0;
			};
			name = Release;
		};
/* End XCBuildConfiguration section */

/* Begin XCConfigurationList section */
		2204211E1F680E8E00CEAA55 /* Build configuration list for PBXProject "CoreDataSample" */ = {
			isa = XCConfigurationList;
			buildConfigurations = (
				220421361F680E8E00CEAA55 /* Debug */,
				220421371F680E8E00CEAA55 /* Release */,
			);
			defaultConfigurationIsVisible = 0;
			defaultConfigurationName = Release;
		};
		220421381F680E8E00CEAA55 /* Build configuration list for PBXNativeTarget "CoreDataSample" */ = {
			isa = XCConfigurationList;
			buildConfigurations = (
				220421391F680E8E00CEAA55 /* Debug */,
				2204213A1F680E8E00CEAA55 /* Release */,
			);
			defaultConfigurationIsVisible = 0;
		};
/* End XCConfigurationList section */

/* Begin XCVersionGroup section */
		2204212D1F680E8E00CEAA55 /* CoreDataSample.xcdatamodeld */ = {
			isa = XCVersionGroup;
			children = (
				2204212E1F680E8E00CEAA55 /* CoreDataSample.xcdatamodel */,
			);
			currentVersion = 2204212E1F680E8E00CEAA55 /* CoreDataSample.xcdatamodel */;
			path = CoreDataSample.xcdatamodeld;
			sourceTree = "<group>";
			versionGroupType = wrapper.xcdatamodel;
		};
/* End XCVersionGroup section */
	};
	rootObject = 2204211B1F680E8E00CEAA55 /* Project object */;
}
